
Microsoft Visual Studio Solution File, Format Version 12.00
# Visual Studio Version 17
VisualStudioVersion = 17.5.002.0
MinimumVisualStudioVersion = 10.0.40219.1
Project("{9A19103F-16F7-4668-BE54-9A1E7A4F7556}") = "ZwajApp.API", "ZwajApp.API.csproj", "{177A1C08-38B7-4F38-9D76-29759F1DE260}"
EndProject
Global
	GlobalSection(SolutionConfigurationPlatforms) = preSolution
		Debug|Any CPU = Debug|Any CPU
		Release|Any CPU = Release|Any CPU
	EndGlobalSection
	GlobalSection(ProjectConfigurationPlatforms) = postSolution
		{177A1C08-38B7-4F38-9D76-29759F1DE260}.Debug|Any CPU.ActiveCfg = Debug|Any CPU
		{177A1C08-38B7-4F38-9D76-29759F1DE260}.Debug|Any CPU.Build.0 = Debug|Any CPU
		{177A1C08-38B7-4F38-9D76-29759F1DE260}.Release|Any CPU.ActiveCfg = Release|Any CPU
		{177A1C08-38B7-4F38-9D76-29759F1DE260}.Release|Any CPU.Build.0 = Release|Any CPU
	EndGlobalSection
	GlobalSection(SolutionProperties) = preSolution
		HideSolutionNode = FALSE
	EndGlobalSection
	GlobalSection(ExtensibilityGlobals) = postSolution
		SolutionGuid = {84C85888-1655-4264-85EF-68E55DF9DAA8}
	EndGlobalSection
EndGlobal
